// !$*UTF8*$!
{
	archiveVersion = 1;
	classes = {
	};
	objectVersion = 56;
	objects = {

/* Begin PBXBuildFile section */
		75FCDEBC2C0DC58B00F2021A /* NewAppApp.swift in Sources */ = {isa = PBXBuildFile; fileRef = 75FCDEBB2C0DC58B00F2021A /* NewAppApp.swift */; };
		75FCDEBE2C0DC58B00F2021A /* ContentView.swift in Sources */ = {isa = PBXBuildFile; fileRef = 75FCDEBD2C0DC58B00F2021A /* ContentView.swift */; };
		75FCDEC02C0DC58B00F2021A /* Item.swift in Sources */ = {isa = PBXBuildFile; fileRef = 75FCDEBF2C0DC58B00F2021A /* Item.swift */; };
		75FCDEC22C0DC58C00F2021A /* Assets.xcassets in Resources */ = {isa = PBXBuildFile; fileRef = 75FCDEC12C0DC58C00F2021A /* Assets.xcassets */; };
		75FCDEC62C0DC58C00F2021A /* Preview Assets.xcassets in Resources */ = {isa = PBXBuildFile; fileRef = 75FCDEC52C0DC58C00F2021A /* Preview Assets.xcassets */; };
		75FCDED02C0DC58C00F2021A /* NewAppTests.swift in Sources */ = {isa = PBXBuildFile; fileRef = 75FCDECF2C0DC58C00F2021A /* NewAppTests.swift */; };
		75FCDEDA2C0DC58C00F2021A /* NewAppUITests.swift in Sources */ = {isa = PBXBuildFile; fileRef = 75FCDED92C0DC58C00F2021A /* NewAppUITests.swift */; };
		75FCDEDC2C0DC58C00F2021A /* NewAppUITestsLaunchTests.swift in Sources */ = {isa = PBXBuildFile; fileRef = 75FCDEDB2C0DC58C00F2021A /* NewAppUITestsLaunchTests.swift */; };
/* End PBXBuildFile section */

/* Begin PBXContainerItemProxy section */
		75FCDECC2C0DC58C00F2021A /* PBXContainerItemProxy */ = {
			isa = PBXContainerItemProxy;
			containerPortal = 75FCDEB02C0DC58B00F2021A /* Project object */;
			proxyType = 1;
			remoteGlobalIDString = 75FCDEB72C0DC58B00F2021A;
			remoteInfo = NewApp;
		};
		75FCDED62C0DC58C00F2021A /* PBXContainerItemProxy */ = {
			isa = PBXContainerItemProxy;
			containerPortal = 75FCDEB02C0DC58B00F2021A /* Project object */;
			proxyType = 1;
			remoteGlobalIDString = 75FCDEB72C0DC58B00F2021A;
			remoteInfo = NewApp;
		};
/* End PBXContainerItemProxy section */

/* Begin PBXFileReference section */
		75FCDEB82C0DC58B00F2021A /* NewApp.app */ = {isa = PBXFileReference; explicitFileType = wrapper.application; includeInIndex = 0; path = NewApp.app; sourceTree = BUILT_PRODUCTS_DIR; };
		75FCDEBB2C0DC58B00F2021A /* NewAppApp.swift */ = {isa = PBXFileReference; lastKnownFileType = sourcecode.swift; path = NewAppApp.swift; sourceTree = "<group>"; };
		75FCDEBD2C0DC58B00F2021A /* ContentView.swift */ = {isa = PBXFileReference; lastKnownFileType = sourcecode.swift; path = ContentView.swift; sourceTree = "<group>"; };
		75FCDEBF2C0DC58B00F2021A /* Item.swift */ = {isa = PBXFileReference; lastKnownFileType = sourcecode.swift; path = Item.swift; sourceTree = "<group>"; };
		75FCDEC12C0DC58C00F2021A /* Assets.xcassets */ = {isa = PBXFileReference; lastKnownFileType = folder.assetcatalog; path = Assets.xcassets; sourceTree = "<group>"; };
		75FCDEC32C0DC58C00F2021A /* NewApp.entitlements */ = {isa = PBXFileReference; lastKnownFileType = text.plist.entitlements; path = NewApp.entitlements; sourceTree = "<group>"; };
		75FCDEC52C0DC58C00F2021A /* Preview Assets.xcassets */ = {isa = PBXFileReference; lastKnownFileType = folder.assetcatalog; path = "Preview Assets.xcassets"; sourceTree = "<group>"; };
		75FCDECB2C0DC58C00F2021A /* NewAppTests.xctest */ = {isa = PBXFileReference; explicitFileType = wrapper.cfbundle; includeInIndex = 0; path = NewAppTests.xctest; sourceTree = BUILT_PRODUCTS_DIR; };
		75FCDECF2C0DC58C00F2021A /* NewAppTests.swift */ = {isa = PBXFileReference; lastKnownFileType = sourcecode.swift; path = NewAppTests.swift; sourceTree = "<group>"; };
		75FCDED52C0DC58C00F2021A /* NewAppUITests.xctest */ = {isa = PBXFileReference; explicitFileType = wrapper.cfbundle; includeInIndex = 0; path = NewAppUITests.xctest; sourceTree = BUILT_PRODUCTS_DIR; };
		75FCDED92C0DC58C00F2021A /* NewAppUITests.swift */ = {isa = PBXFileReference; lastKnownFileType = sourcecode.swift; path = NewAppUITests.swift; sourceTree = "<group>"; };
		75FCDEDB2C0DC58C00F2021A /* NewAppUITestsLaunchTests.swift */ = {isa = PBXFileReference; lastKnownFileType = sourcecode.swift; path = NewAppUITestsLaunchTests.swift; sourceTree = "<group>"; };
/* End PBXFileReference section */

/* Begin PBXFrameworksBuildPhase section */
		75FCDEB52C0DC58B00F2021A /* Frameworks */ = {
			isa = PBXFrameworksBuildPhase;
			buildActionMask = 2147483647;
			files = (
			);
			runOnlyForDeploymentPostprocessing = 0;
		};
		75FCDEC82C0DC58C00F2021A /* Frameworks */ = {
			isa = PBXFrameworksBuildPhase;
			buildActionMask = 2147483647;
			files = (
			);
			runOnlyForDeploymentPostprocessing = 0;
		};
		75FCDED22C0DC58C00F2021A /* Frameworks */ = {
			isa = PBXFrameworksBuildPhase;
			buildActionMask = 2147483647;
			files = (
			);
			runOnlyForDeploymentPostprocessing = 0;
		};
/* End PBXFrameworksBuildPhase section */

/* Begin PBXGroup section */
		75FCDEAF2C0DC58B00F2021A = {
			isa = PBXGroup;
			children = (
				75FCDEBA2C0DC58B00F2021A /* NewApp */,
				75FCDECE2C0DC58C00F2021A /* NewAppTests */,
				75FCDED82C0DC58C00F2021A /* NewAppUITests */,
				75FCDEB92C0DC58B00F2021A /* Products */,
			);
			sourceTree = "<group>";
		};
		75FCDEB92C0DC58B00F2021A /* Products */ = {
			isa = PBXGroup;
			children = (
				75FCDEB82C0DC58B00F2021A /* NewApp.app */,
				75FCDECB2C0DC58C00F2021A /* NewAppTests.xctest */,
				75FCDED52C0DC58C00F2021A /* NewAppUITests.xctest */,
			);
			name = Products;
			sourceTree = "<group>";
		};
		75FCDEBA2C0DC58B00F2021A /* NewApp */ = {
			isa = PBXGroup;
			children = (
				75FCDEBB2C0DC58B00F2021A /* NewAppApp.swift */,
				75FCDEBD2C0DC58B00F2021A /* ContentView.swift */,
				75FCDEBF2C0DC58B00F2021A /* Item.swift */,
				75FCDEC12C0DC58C00F2021A /* Assets.xcassets */,
				75FCDEC32C0DC58C00F2021A /* NewApp.entitlements */,
				75FCDEC42C0DC58C00F2021A /* Preview Content */,
			);
			path = NewApp;
			sourceTree = "<group>";
		};
		75FCDEC42C0DC58C00F2021A /* Preview Content */ = {
			isa = PBXGroup;
			children = (
				75FCDEC52C0DC58C00F2021A /* Preview Assets.xcassets */,
			);
			path = "Preview Content";
			sourceTree = "<group>";
		};
		75FCDECE2C0DC58C00F2021A /* NewAppTests */ = {
			isa = PBXGroup;
			children = (
				75FCDECF2C0DC58C00F2021A /* NewAppTests.swift */,
			);
			path = NewAppTests;
			sourceTree = "<group>";
		};
		75FCDED82C0DC58C00F2021A /* NewAppUITests */ = {
			isa = PBXGroup;
			children = (
				75FCDED92C0DC58C00F2021A /* NewAppUITests.swift */,
				75FCDEDB2C0DC58C00F2021A /* NewAppUITestsLaunchTests.swift */,
			);
			path = NewAppUITests;
			sourceTree = "<group>";
		};
/* End PBXGroup section */

/* Begin PBXNativeTarget section */
		75FCDEB72C0DC58B00F2021A /* NewApp */ = {
			isa = PBXNativeTarget;
			buildConfigurationList = 75FCDEDF2C0DC58C00F2021A /* Build configuration list for PBXNativeTarget "NewApp" */;
			buildPhases = (
				75FCDEB42C0DC58B00F2021A /* Sources */,
				75FCDEB52C0DC58B00F2021A /* Frameworks */,
				75FCDEB62C0DC58B00F2021A /* Resources */,
			);
			buildRules = (
			);
			dependencies = (
			);
			name = NewApp;
			productName = NewApp;
			productReference = 75FCDEB82C0DC58B00F2021A /* NewApp.app */;
			productType = "com.apple.product-type.application";
		};
		75FCDECA2C0DC58C00F2021A /* NewAppTests */ = {
			isa = PBXNativeTarget;
			buildConfigurationList = 75FCDEE22C0DC58C00F2021A /* Build configuration list for PBXNativeTarget "NewAppTests" */;
			buildPhases = (
				75FCDEC72C0DC58C00F2021A /* Sources */,
				75FCDEC82C0DC58C00F2021A /* Frameworks */,
				75FCDEC92C0DC58C00F2021A /* Resources */,
			);
			buildRules = (
			);
			dependencies = (
				75FCDECD2C0DC58C00F2021A /* PBXTargetDependency */,
			);
			name = NewAppTests;
			productName = NewAppTests;
			productReference = 75FCDECB2C0DC58C00F2021A /* NewAppTests.xctest */;
			productType = "com.apple.product-type.bundle.unit-test";
		};
		75FCDED42C0DC58C00F2021A /* NewAppUITests */ = {
			isa = PBXNativeTarget;
			buildConfigurationList = 75FCDEE52C0DC58C00F2021A /* Build configuration list for PBXNativeTarget "NewAppUITests" */;
			buildPhases = (
				75FCDED12C0DC58C00F2021A /* Sources */,
				75FCDED22C0DC58C00F2021A /* Frameworks */,
				75FCDED32C0DC58C00F2021A /* Resources */,
			);
			buildRules = (
			);
			dependencies = (
				75FCDED72C0DC58C00F2021A /* PBXTargetDependency */,
			);
			name = NewAppUITests;
			productName = NewAppUITests;
			productReference = 75FCDED52C0DC58C00F2021A /* NewAppUITests.xctest */;
			productType = "com.apple.product-type.bundle.ui-testing";
		};
/* End PBXNativeTarget section */

/* Begin PBXProject section */
		75FCDEB02C0DC58B00F2021A /* Project object */ = {
			isa = PBXProject;
			attributes = {
				BuildIndependentTargetsInParallel = 1;
				LastSwiftUpdateCheck = 1530;
				LastUpgradeCheck = 1530;
				TargetAttributes = {
					75FCDEB72C0DC58B00F2021A = {
						CreatedOnToolsVersion = 15.3;
					};
					75FCDECA2C0DC58C00F2021A = {
						CreatedOnToolsVersion = 15.3;
						TestTargetID = 75FCDEB72C0DC58B00F2021A;
					};
					75FCDED42C0DC58C00F2021A = {
						CreatedOnToolsVersion = 15.3;
						TestTargetID = 75FCDEB72C0DC58B00F2021A;
					};
				};
			};
			buildConfigurationList = 75FCDEB32C0DC58B00F2021A /* Build configuration list for PBXProject "NewApp" */;
			compatibilityVersion = "Xcode 14.0";
			developmentRegion = en;
			hasScannedForEncodings = 0;
			knownRegions = (
				en,
				Base,
			);
			mainGroup = 75FCDEAF2C0DC58B00F2021A;
			productRefGroup = 75FCDEB92C0DC58B00F2021A /* Products */;
			projectDirPath = "";
			projectRoot = "";
			targets = (
				75FCDEB72C0DC58B00F2021A /* NewApp */,
				75FCDECA2C0DC58C00F2021A /* NewAppTests */,
				75FCDED42C0DC58C00F2021A /* NewAppUITests */,
			);
		};
/* End PBXProject section */

/* Begin PBXResourcesBuildPhase section */
		75FCDEB62C0DC58B00F2021A /* Resources */ = {
			isa = PBXResourcesBuildPhase;
			buildActionMask = 2147483647;
			files = (
				75FCDEC62C0DC58C00F2021A /* Preview Assets.xcassets in Resources */,
				75FCDEC22C0DC58C00F2021A /* Assets.xcassets in Resources */,
			);
			runOnlyForDeploymentPostprocessing = 0;
		};
		75FCDEC92C0DC58C00F2021A /* Resources */ = {
			isa = PBXResourcesBuildPhase;
			buildActionMask = 2147483647;
			files = (
			);
			runOnlyForDeploymentPostprocessing = 0;
		};
		75FCDED32C0DC58C00F2021A /* Resources */ = {
			isa = PBXResourcesBuildPhase;
			buildActionMask = 2147483647;
			files = (
			);
			runOnlyForDeploymentPostprocessing = 0;
		};
/* End PBXResourcesBuildPhase section */

/* Begin PBXSourcesBuildPhase section */
		75FCDEB42C0DC58B00F2021A /* Sources */ = {
			isa = PBXSourcesBuildPhase;
			buildActionMask = 2147483647;
			files = (
				75FCDEBE2C0DC58B00F2021A /* ContentView.swift in Sources */,
				75FCDEC02C0DC58B00F2021A /* Item.swift in Sources */,
				75FCDEBC2C0DC58B00F2021A /* NewAppApp.swift in Sources */,
			);
			runOnlyForDeploymentPostprocessing = 0;
		};
		75FCDEC72C0DC58C00F2021A /* Sources */ = {
			isa = PBXSourcesBuildPhase;
			buildActionMask = 2147483647;
			files = (
				75FCDED02C0DC58C00F2021A /* NewAppTests.swift in Sources */,
			);
			runOnlyForDeploymentPostprocessing = 0;
		};
		75FCDED12C0DC58C00F2021A /* Sources */ = {
			isa = PBXSourcesBuildPhase;
			buildActionMask = 2147483647;
			files = (
				75FCDEDA2C0DC58C00F2021A /* NewAppUITests.swift in Sources */,
				75FCDEDC2C0DC58C00F2021A /* NewAppUITestsLaunchTests.swift in Sources */,
			);
			runOnlyForDeploymentPostprocessing = 0;
		};
/* End PBXSourcesBuildPhase section */

/* Begin PBXTargetDependency section */
		75FCDECD2C0DC58C00F2021A /* PBXTargetDependency */ = {
			isa = PBXTargetDependency;
			target = 75FCDEB72C0DC58B00F2021A /* NewApp */;
			targetProxy = 75FCDECC2C0DC58C00F2021A /* PBXContainerItemProxy */;
		};
		75FCDED72C0DC58C00F2021A /* PBXTargetDependency */ = {
			isa = PBXTargetDependency;
			target = 75FCDEB72C0DC58B00F2021A /* NewApp */;
			targetProxy = 75FCDED62C0DC58C00F2021A /* PBXContainerItemProxy */;
		};
/* End PBXTargetDependency section */

/* Begin XCBuildConfiguration section */
		75FCDEDD2C0DC58C00F2021A /* Debug */ = {
			isa = XCBuildConfiguration;
			buildSettings = {
				ALWAYS_SEARCH_USER_PATHS = NO;
				ASSETCATALOG_COMPILER_GENERATE_SWIFT_ASSET_SYMBOL_EXTENSIONS = YES;
				CLANG_ANALYZER_NONNULL = YES;
				CLANG_ANALYZER_NUMBER_OBJECT_CONVERSION = YES_AGGRESSIVE;
				CLANG_CXX_LANGUAGE_STANDARD = "gnu++20";
				CLANG_ENABLE_MODULES = YES;
				CLANG_ENABLE_OBJC_ARC = YES;
				CLANG_ENABLE_OBJC_WEAK = YES;
				CLANG_WARN_BLOCK_CAPTURE_AUTORELEASING = YES;
				CLANG_WARN_BOOL_CONVERSION = YES;
				CLANG_WARN_COMMA = YES;
				CLANG_WARN_CONSTANT_CONVERSION = YES;
				CLANG_WARN_DEPRECATED_OBJC_IMPLEMENTATIONS = YES;
				CLANG_WARN_DIRECT_OBJC_ISA_USAGE = YES_ERROR;
				CLANG_WARN_DOCUMENTATION_COMMENTS = YES;
				CLANG_WARN_EMPTY_BODY = YES;
				CLANG_WARN_ENUM_CONVERSION = YES;
				CLANG_WARN_INFINITE_RECURSION = YES;
				CLANG_WARN_INT_CONVERSION = YES;
				CLANG_WARN_NON_LITERAL_NULL_CONVERSION = YES;
				CLANG_WARN_OBJC_IMPLICIT_RETAIN_SELF = YES;
				CLANG_WARN_OBJC_LITERAL_CONVERSION = YES;
				CLANG_WARN_OBJC_ROOT_CLASS = YES_ERROR;
				CLANG_WARN_QUOTED_INCLUDE_IN_FRAMEWORK_HEADER = YES;
				CLANG_WARN_RANGE_LOOP_ANALYSIS = YES;
				CLANG_WARN_STRICT_PROTOTYPES = YES;
				CLANG_WARN_SUSPICIOUS_MOVE = YES;
				CLANG_WARN_UNGUARDED_AVAILABILITY = YES_AGGRESSIVE;
				CLANG_WARN_UNREACHABLE_CODE = YES;
				CLANG_WARN__DUPLICATE_METHOD_MATCH = YES;
				COPY_PHASE_STRIP = NO;
				DEBUG_INFORMATION_FORMAT = dwarf;
				ENABLE_STRICT_OBJC_MSGSEND = YES;
				ENABLE_TESTABILITY = YES;
				ENABLE_USER_SCRIPT_SANDBOXING = YES;
				GCC_C_LANGUAGE_STANDARD = gnu17;
				GCC_DYNAMIC_NO_PIC = NO;
				GCC_NO_COMMON_BLOCKS = YES;
				GCC_OPTIMIZATION_LEVEL = 0;
				GCC_PREPROCESSOR_DEFINITIONS = (
					"DEBUG=1",
					"$(inherited)",
				);
				GCC_WARN_64_TO_32_BIT_CONVERSION = YES;
				GCC_WARN_ABOUT_RETURN_TYPE = YES_ERROR;
				GCC_WARN_UNDECLARED_SELECTOR = YES;
				GCC_WARN_UNINITIALIZED_AUTOS = YES_AGGRESSIVE;
				GCC_WARN_UNUSED_FUNCTION = YES;
				GCC_WARN_UNUSED_VARIABLE = YES;
				LOCALIZATION_PREFERS_STRING_CATALOGS = YES;
				MTL_ENABLE_DEBUG_INFO = INCLUDE_SOURCE;
				MTL_FAST_MATH = YES;
				ONLY_ACTIVE_ARCH = YES;
				SWIFT_ACTIVE_COMPILATION_CONDITIONS = "DEBUG $(inherited)";
				SWIFT_OPTIMIZATION_LEVEL = "-Onone";
			};
			name = Debug;
		};
		75FCDEDE2C0DC58C00F2021A /* Release */ = {
			isa = XCBuildConfiguration;
			buildSettings = {
				ALWAYS_SEARCH_USER_PATHS = NO;
				ASSETCATALOG_COMPILER_GENERATE_SWIFT_ASSET_SYMBOL_EXTENSIONS = YES;
				CLANG_ANALYZER_NONNULL = YES;
				CLANG_ANALYZER_NUMBER_OBJECT_CONVERSION = YES_AGGRESSIVE;
				CLANG_CXX_LANGUAGE_STANDARD = "gnu++20";
				CLANG_ENABLE_MODULES = YES;
				CLANG_ENABLE_OBJC_ARC = YES;
				CLANG_ENABLE_OBJC_WEAK = YES;
				CLANG_WARN_BLOCK_CAPTURE_AUTORELEASING = YES;
				CLANG_WARN_BOOL_CONVERSION = YES;
				CLANG_WARN_COMMA = YES;
				CLANG_WARN_CONSTANT_CONVERSION = YES;
				CLANG_WARN_DEPRECATED_OBJC_IMPLEMENTATIONS = YES;
				CLANG_WARN_DIRECT_OBJC_ISA_USAGE = YES_ERROR;
				CLANG_WARN_DOCUMENTATION_COMMENTS = YES;
				CLANG_WARN_EMPTY_BODY = YES;
				CLANG_WARN_ENUM_CONVERSION = YES;
				CLANG_WARN_INFINITE_RECURSION = YES;
				CLANG_WARN_INT_CONVERSION = YES;
				CLANG_WARN_NON_LITERAL_NULL_CONVERSION = YES;
				CLANG_WARN_OBJC_IMPLICIT_RETAIN_SELF = YES;
				CLANG_WARN_OBJC_LITERAL_CONVERSION = YES;
				CLANG_WARN_OBJC_ROOT_CLASS = YES_ERROR;
				CLANG_WARN_QUOTED_INCLUDE_IN_FRAMEWORK_HEADER = YES;
				CLANG_WARN_RANGE_LOOP_ANALYSIS = YES;
				CLANG_WARN_STRICT_PROTOTYPES = YES;
				CLANG_WARN_SUSPICIOUS_MOVE = YES;
				CLANG_WARN_UNGUARDED_AVAILABILITY = YES_AGGRESSIVE;
				CLANG_WARN_UNREACHABLE_CODE = YES;
				CLANG_WARN__DUPLICATE_METHOD_MATCH = YES;
				COPY_PHASE_STRIP = NO;
				DEBUG_INFORMATION_FORMAT = "dwarf-with-dsym";
				ENABLE_NS_ASSERTIONS = NO;
				ENABLE_STRICT_OBJC_MSGSEND = YES;
				ENABLE_USER_SCRIPT_SANDBOXING = YES;
				GCC_C_LANGUAGE_STANDARD = gnu17;
				GCC_NO_COMMON_BLOCKS = YES;
				GCC_WARN_64_TO_32_BIT_CONVERSION = YES;
				GCC_WARN_ABOUT_RETURN_TYPE = YES_ERROR;
				GCC_WARN_UNDECLARED_SELECTOR = YES;
				GCC_WARN_UNINITIALIZED_AUTOS = YES_AGGRESSIVE;
				GCC_WARN_UNUSED_FUNCTION = YES;
				GCC_WARN_UNUSED_VARIABLE = YES;
				LOCALIZATION_PREFERS_STRING_CATALOGS = YES;
				MTL_ENABLE_DEBUG_INFO = NO;
				MTL_FAST_MATH = YES;
				SWIFT_COMPILATION_MODE = wholemodule;
			};
			name = Release;
		};
		75FCDEE02C0DC58C00F2021A /* Debug */ = {
			isa = XCBuildConfiguration;
			buildSettings = {
				ASSETCATALOG_COMPILER_APPICON_NAME = AppIcon;
				ASSETCATALOG_COMPILER_GLOBAL_ACCENT_COLOR_NAME = AccentColor;
				CODE_SIGN_ENTITLEMENTS = NewApp/NewApp.entitlements;
				CODE_SIGN_STYLE = Automatic;
				CURRENT_PROJECT_VERSION = 1;
				DEVELOPMENT_ASSET_PATHS = "\"NewApp/Preview Content\"";
				DEVELOPMENT_TEAM = JGCN4FMFL8;
				ENABLE_HARDENED_RUNTIME = YES;
				ENABLE_PREVIEWS = YES;
				GENERATE_INFOPLIST_FILE = YES;
				"INFOPLIST_KEY_UIApplicationSceneManifest_Generation[sdk=iphoneos*]" = YES;
				"INFOPLIST_KEY_UIApplicationSceneManifest_Generation[sdk=iphonesimulator*]" = YES;
				"INFOPLIST_KEY_UIApplicationSupportsIndirectInputEvents[sdk=iphoneos*]" = YES;
				"INFOPLIST_KEY_UIApplicationSupportsIndirectInputEvents[sdk=iphonesimulator*]" = YES;
				"INFOPLIST_KEY_UILaunchScreen_Generation[sdk=iphoneos*]" = YES;
				"INFOPLIST_KEY_UILaunchScreen_Generation[sdk=iphonesimulator*]" = YES;
				"INFOPLIST_KEY_UIStatusBarStyle[sdk=iphoneos*]" = UIStatusBarStyleDefault;
				"INFOPLIST_KEY_UIStatusBarStyle[sdk=iphonesimulator*]" = UIStatusBarStyleDefault;
				INFOPLIST_KEY_UISupportedInterfaceOrientations_iPad = "UIInterfaceOrientationPortrait UIInterfaceOrientationPortraitUpsideDown UIInterfaceOrientationLandscapeLeft UIInterfaceOrientationLandscapeRight";
				INFOPLIST_KEY_UISupportedInterfaceOrientations_iPhone = "UIInterfaceOrientationPortrait UIInterfaceOrientationLandscapeLeft UIInterfaceOrientationLandscapeRight";
				IPHONEOS_DEPLOYMENT_TARGET = 17.4;
				LD_RUNPATH_SEARCH_PATHS = "@executable_path/Frameworks";
				"LD_RUNPATH_SEARCH_PATHS[sdk=macosx*]" = "@executable_path/../Frameworks";
				MACOSX_DEPLOYMENT_TARGET = 14.0;
				MARKETING_VERSION = 1.0;
				PRODUCT_BUNDLE_IDENTIFIER = MassideDosso.NewApp;
				PRODUCT_NAME = "$(TARGET_NAME)";
				SDKROOT = auto;
				SUPPORTED_PLATFORMS = "iphoneos iphonesimulator macosx";
				SWIFT_EMIT_LOC_STRINGS = YES;
				SWIFT_VERSION = 5.0;
				TARGETED_DEVICE_FAMILY = "1,2";
			};
			name = Debug;
		};
		75FCDEE12C0DC58C00F2021A /* Release */ = {
			isa = XCBuildConfiguration;
			buildSettings = {
				ASSETCATALOG_COMPILER_APPICON_NAME = AppIcon;
				ASSETCATALOG_COMPILER_GLOBAL_ACCENT_COLOR_NAME = AccentColor;
				CODE_SIGN_ENTITLEMENTS = NewApp/NewApp.entitlements;
				CODE_SIGN_STYLE = Automatic;
				CURRENT_PROJECT_VERSION = 1;
				DEVELOPMENT_ASSET_PATHS = "\"NewApp/Preview Content\"";
				DEVELOPMENT_TEAM = JGCN4FMFL8;
				ENABLE_HARDENED_RUNTIME = YES;
				ENABLE_PREVIEWS = YES;
				GENERATE_INFOPLIST_FILE = YES;
				"INFOPLIST_KEY_UIApplicationSceneManifest_Generation[sdk=iphoneos*]" = YES;
				"INFOPLIST_KEY_UIApplicationSceneManifest_Generation[sdk=iphonesimulator*]" = YES;
				"INFOPLIST_KEY_UIApplicationSupportsIndirectInputEvents[sdk=iphoneos*]" = YES;
				"INFOPLIST_KEY_UIApplicationSupportsIndirectInputEvents[sdk=iphonesimulator*]" = YES;
				"INFOPLIST_KEY_UILaunchScreen_Generation[sdk=iphoneos*]" = YES;
				"INFOPLIST_KEY_UILaunchScreen_Generation[sdk=iphonesimulator*]" = YES;
				"INFOPLIST_KEY_UIStatusBarStyle[sdk=iphoneos*]" = UIStatusBarStyleDefault;
				"INFOPLIST_KEY_UIStatusBarStyle[sdk=iphonesimulator*]" = UIStatusBarStyleDefault;
				INFOPLIST_KEY_UISupportedInterfaceOrientations_iPad = "UIInterfaceOrientationPortrait UIInterfaceOrientationPortraitUpsideDown UIInterfaceOrientationLandscapeLeft UIInterfaceOrientationLandscapeRight";
				INFOPLIST_KEY_UISupportedInterfaceOrientations_iPhone = "UIInterfaceOrientationPortrait UIInterfaceOrientationLandscapeLeft UIInterfaceOrientationLandscapeRight";
				IPHONEOS_DEPLOYMENT_TARGET = 17.4;
				LD_RUNPATH_SEARCH_PATHS = "@executable_path/Frameworks";
				"LD_RUNPATH_SEARCH_PATHS[sdk=macosx*]" = "@executable_path/../Frameworks";
				MACOSX_DEPLOYMENT_TARGET = 14.0;
				MARKETING_VERSION = 1.0;
				PRODUCT_BUNDLE_IDENTIFIER = MassideDosso.NewApp;
				PRODUCT_NAME = "$(TARGET_NAME)";
				SDKROOT = auto;
				SUPPORTED_PLATFORMS = "iphoneos iphonesimulator macosx";
				SWIFT_EMIT_LOC_STRINGS = YES;
				SWIFT_VERSION = 5.0;
				TARGETED_DEVICE_FAMILY = "1,2";
			};
			name = Release;
		};
		75FCDEE32C0DC58C00F2021A /* Debug */ = {
			isa = XCBuildConfiguration;
			buildSettings = {
				ALWAYS_EMBED_SWIFT_STANDARD_LIBRARIES = YES;
				BUNDLE_LOADER = "$(TEST_HOST)";
				CODE_SIGN_STYLE = Automatic;
				CURRENT_PROJECT_VERSION = 1;
				DEVELOPMENT_TEAM = JGCN4FMFL8;
				GENERATE_INFOPLIST_FILE = YES;
				IPHONEOS_DEPLOYMENT_TARGET = 17.4;
				MACOSX_DEPLOYMENT_TARGET = 14.4;
				MARKETING_VERSION = 1.0;
				PRODUCT_BUNDLE_IDENTIFIER = MassideDosso.NewAppTests;
				PRODUCT_NAME = "$(TARGET_NAME)";
				SDKROOT = auto;
				SUPPORTED_PLATFORMS = "iphoneos iphonesimulator macosx";
				SWIFT_EMIT_LOC_STRINGS = NO;
				SWIFT_VERSION = 5.0;
				TARGETED_DEVICE_FAMILY = "1,2";
				TEST_HOST = "$(BUILT_PRODUCTS_DIR)/NewApp.app/$(BUNDLE_EXECUTABLE_FOLDER_PATH)/NewApp";
			};
			name = Debug;
		};
		75FCDEE42C0DC58C00F2021A /* Release */ = {
			isa = XCBuildConfiguration;
			buildSettings = {
				ALWAYS_EMBED_SWIFT_STANDARD_LIBRARIES = YES;
				BUNDLE_LOADER = "$(TEST_HOST)";
				CODE_SIGN_STYLE = Automatic;
				CURRENT_PROJECT_VERSION = 1;
				DEVELOPMENT_TEAM = JGCN4FMFL8;
				GENERATE_INFOPLIST_FILE = YES;
				IPHONEOS_DEPLOYMENT_TARGET = 17.4;
				MACOSX_DEPLOYMENT_TARGET = 14.4;
				MARKETING_VERSION = 1.0;
				PRODUCT_BUNDLE_IDENTIFIER = MassideDosso.NewAppTests;
				PRODUCT_NAME = "$(TARGET_NAME)";
				SDKROOT = auto;
				SUPPORTED_PLATFORMS = "iphoneos iphonesimulator macosx";
				SWIFT_EMIT_LOC_STRINGS = NO;
				SWIFT_VERSION = 5.0;
				TARGETED_DEVICE_FAMILY = "1,2";
				TEST_HOST = "$(BUILT_PRODUCTS_DIR)/NewApp.app/$(BUNDLE_EXECUTABLE_FOLDER_PATH)/NewApp";
			};
			name = Release;
		};
		75FCDEE62C0DC58C00F2021A /* Debug */ = {
			isa = XCBuildConfiguration;
			buildSettings = {
				ALWAYS_EMBED_SWIFT_STANDARD_LIBRARIES = YES;
				CODE_SIGN_STYLE = Automatic;
				CURRENT_PROJECT_VERSION = 1;
				DEVELOPMENT_TEAM = JGCN4FMFL8;
				GENERATE_INFOPLIST_FILE = YES;
				IPHONEOS_DEPLOYMENT_TARGET = 17.4;
				MACOSX_DEPLOYMENT_TARGET = 14.4;
				MARKETING_VERSION = 1.0;
				PRODUCT_BUNDLE_IDENTIFIER = MassideDosso.NewAppUITests;
				PRODUCT_NAME = "$(TARGET_NAME)";
				SDKROOT = auto;
				SUPPORTED_PLATFORMS = "iphoneos iphonesimulator macosx";
				SWIFT_EMIT_LOC_STRINGS = NO;
				SWIFT_VERSION = 5.0;
				TARGETED_DEVICE_FAMILY = "1,2";
				TEST_TARGET_NAME = NewApp;
			};
			name = Debug;
		};
		75FCDEE72C0DC58C00F2021A /* Release */ = {
			isa = XCBuildConfiguration;
			buildSettings = {
				ALWAYS_EMBED_SWIFT_STANDARD_LIBRARIES = YES;
				CODE_SIGN_STYLE = Automatic;
				CURRENT_PROJECT_VERSION = 1;
				DEVELOPMENT_TEAM = JGCN4FMFL8;
				GENERATE_INFOPLIST_FILE = YES;
				IPHONEOS_DEPLOYMENT_TARGET = 17.4;
				MACOSX_DEPLOYMENT_TARGET = 14.4;
				MARKETING_VERSION = 1.0;
				PRODUCT_BUNDLE_IDENTIFIER = MassideDosso.NewAppUITests;
				PRODUCT_NAME = "$(TARGET_NAME)";
				SDKROOT = auto;
				SUPPORTED_PLATFORMS = "iphoneos iphonesimulator macosx";
				SWIFT_EMIT_LOC_STRINGS = NO;
				SWIFT_VERSION = 5.0;
				TARGETED_DEVICE_FAMILY = "1,2";
				TEST_TARGET_NAME = NewApp;
			};
			name = Release;
		};
/* End XCBuildConfiguration section */

/* Begin XCConfigurationList section */
		75FCDEB32C0DC58B00F2021A /* Build configuration list for PBXProject "NewApp" */ = {
			isa = XCConfigurationList;
			buildConfigurations = (
				75FCDEDD2C0DC58C00F2021A /* Debug */,
				75FCDEDE2C0DC58C00F2021A /* Release */,
			);
			defaultConfigurationIsVisible = 0;
			defaultConfigurationName = Release;
		};
		75FCDEDF2C0DC58C00F2021A /* Build configuration list for PBXNativeTarget "NewApp" */ = {
			isa = XCConfigurationList;
			buildConfigurations = (
				75FCDEE02C0DC58C00F2021A /* Debug */,
				75FCDEE12C0DC58C00F2021A /* Release */,
			);
			defaultConfigurationIsVisible = 0;
			defaultConfigurationName = Release;
		};
		75FCDEE22C0DC58C00F2021A /* Build configuration list for PBXNativeTarget "NewAppTests" */ = {
			isa = XCConfigurationList;
			buildConfigurations = (
				75FCDEE32C0DC58C00F2021A /* Debug */,
				75FCDEE42C0DC58C00F2021A /* Release */,
			);
			defaultConfigurationIsVisible = 0;
			defaultConfigurationName = Release;
		};
		75FCDEE52C0DC58C00F2021A /* Build configuration list for PBXNativeTarget "NewAppUITests" */ = {
			isa = XCConfigurationList;
			buildConfigurations = (
				75FCDEE62C0DC58C00F2021A /* Debug */,
				75FCDEE72C0DC58C00F2021A /* Release */,
			);
			defaultConfigurationIsVisible = 0;
			defaultConfigurationName = Release;
		};
/* End XCConfigurationList section */
	};
	rootObject = 75FCDEB02C0DC58B00F2021A /* Project object */;
}
